Microsoft Visual Studio Solution File, Format Version 12.00
# Visual Studio Version 17
VisualStudioVersion = 17.0.31903.59
MinimumVisualStudioVersion = 10.0.40219.1
Project("{FAE04EC0-301F-11D3-BF4B-00C04F79EFBC}") = "GameLibrary.Wpf", "GameLibrary.Wpf\GameLibrary.Wpf.csproj", "{A0679C91-92CE-4308-AE26-2422E7CFD7C2}"
EndProject
Project("{FAE04EC0-301F-11D3-BF4B-00C04F79EFBC}") = "GameLibrary.Data", "GameLibrary.Data\GameLibrary.Data.csproj", "{3ED5B8F2-A34F-4E3F-A977-ABE15D4F2C63}"
EndProject
Global
	GlobalSection(SolutionConfigurationPlatforms) = preSolution
		Debug|Any CPU = Debug|Any CPU
		Release|Any CPU = Release|Any CPU
	EndGlobalSection
	GlobalSection(ProjectConfigurationPlatforms) = postSolution
		{A0679C91-92CE-4308-AE26-2422E7CFD7C2}.Debug|Any CPU.ActiveCfg = Debug|Any CPU
		{A0679C91-92CE-4308-AE26-2422E7CFD7C2}.Debug|Any CPU.Build.0 = Debug|Any CPU
		{A0679C91-92CE-4308-AE26-2422E7CFD7C2}.Release|Any CPU.ActiveCfg = Release|Any CPU
		{A0679C91-92CE-4308-AE26-2422E7CFD7C2}.Release|Any CPU.Build.0 = Release|Any CPU
		{3ED5B8F2-A34F-4E3F-A977-ABE15D4F2C63}.Debug|Any CPU.ActiveCfg = Debug|Any CPU
		{3ED5B8F2-A34F-4E3F-A977-ABE15D4F2C63}.Debug|Any CPU.Build.0 = Debug|Any CPU
		{3ED5B8F2-A34F-4E3F-A977-ABE15D4F2C63}.Release|Any CPU.ActiveCfg = Release|Any CPU
		{3ED5B8F2-A34F-4E3F-A977-ABE15D4F2C63}.Release|Any CPU.Build.0 = Release|Any CPU
	EndGlobalSection
EndGlobal
